{
  "requires": true,
  "lockfileVersion": 1,
  "dependencies": {
    "tingle.js": {
      "version": "0.12.0",
      "resolved": "https://registry.npmjs.org/tingle.js/-/tingle.js-0.12.0.tgz",
      "integrity": "sha512-Q8nHz2uFxfHj3Q/PJqjvzZzO6Vj2iPCIi4RYS1xW6JD3GmQVSMy0YioJSARhLUwR0WTQtdae4Oakvf7xAyIbUQ=="
    }
  }
}
